
Microsoft Visual Studio Solution File, Format Version 12.00
# Visual Studio 15
Project("{FAE04EC0-301F-11D3-BF4B-00C04F79EFBC}") = "Assembly-CSharp-Editor", "Assembly-CSharp-Editor.csproj", "{A148C9F2-5328-48A7-95AA-ECB163D223BF}"
EndProject
Project("{FAE04EC0-301F-11D3-BF4B-00C04F79EFBC}") = "Assembly-CSharp", "Assembly-CSharp.csproj", "{550CB212-4A74-43B8-5538-90E7851C6E30}"
EndProject
Global
	GlobalSection(SolutionConfigurationPlatforms) = preSolution
		Debug|Any CPU = Debug|Any CPU
		Release|Any CPU = Release|Any CPU
	EndGlobalSection
	GlobalSection(ProjectConfigurationPlatforms) = postSolution
		{A148C9F2-5328-48A7-95AA-ECB163D223BF}.Debug|Any CPU.ActiveCfg = Debug|Any CPU
		{A148C9F2-5328-48A7-95AA-ECB163D223BF}.Debug|Any CPU.Build.0 = Debug|Any CPU
		{A148C9F2-5328-48A7-95AA-ECB163D223BF}.Release|Any CPU.ActiveCfg = Release|Any CPU
		{A148C9F2-5328-48A7-95AA-ECB163D223BF}.Release|Any CPU.Build.0 = Release|Any CPU
		{550CB212-4A74-43B8-5538-90E7851C6E30}.Debug|Any CPU.ActiveCfg = Debug|Any CPU
		{550CB212-4A74-43B8-5538-90E7851C6E30}.Debug|Any CPU.Build.0 = Debug|Any CPU
		{550CB212-4A74-43B8-5538-90E7851C6E30}.Release|Any CPU.ActiveCfg = Release|Any CPU
		{550CB212-4A74-43B8-5538-90E7851C6E30}.Release|Any CPU.Build.0 = Release|Any CPU
	EndGlobalSection
	GlobalSection(SolutionProperties) = preSolution
		HideSolutionNode = FALSE
	EndGlobalSection
EndGlobal
